// !$*UTF8*$!
{
	archiveVersion = 1;
	classes = {
	};
	objectVersion = 46;
	objects = {

/* Begin PBXBuildFile section */
		2B55C9611645A4E100C9058B /* Cocoa.framework in Frameworks */ = {isa = PBXBuildFile; fileRef = 2B55C9601645A4E100C9058B /* Cocoa.framework */; };
		2B55C96B1645A4E100C9058B /* InfoPlist.strings in Resources */ = {isa = PBXBuildFile; fileRef = 2B55C9691645A4E100C9058B /* InfoPlist.strings */; };
/* End PBXBuildFile section */

/* Begin PBXFileReference section */
		2B55C95D1645A4E100C9058B /* GDIBSensor.bundle */ = {isa = PBXFileReference; explicitFileType = wrapper.cfbundle; includeInIndex = 0; path = GDIBSensor.bundle; sourceTree = BUILT_PRODUCTS_DIR; };
		2B55C9601645A4E100C9058B /* Cocoa.framework */ = {isa = PBXFileReference; lastKnownFileType = wrapper.framework; name = Cocoa.framework; path = System/Library/Frameworks/Cocoa.framework; sourceTree = SDKROOT; };
		2B55C9631645A4E100C9058B /* AppKit.framework */ = {isa = PBXFileReference; lastKnownFileType = wrapper.framework; name = AppKit.framework; path = System/Library/Frameworks/AppKit.framework; sourceTree = SDKROOT; };
		2B55C9641645A4E100C9058B /* CoreData.framework */ = {isa = PBXFileReference; lastKnownFileType = wrapper.framework; name = CoreData.framework; path = System/Library/Frameworks/CoreData.framework; sourceTree = SDKROOT; };
		2B55C9651645A4E100C9058B /* Foundation.framework */ = {isa = PBXFileReference; lastKnownFileType = wrapper.framework; name = Foundation.framework; path = System/Library/Frameworks/Foundation.framework; sourceTree = SDKROOT; };
		2B55C9681645A4E100C9058B /* GDIBSensor-Info.plist */ = {isa = PBXFileReference; lastKnownFileType = text.plist.xml; path = "GDIBSensor-Info.plist"; sourceTree = "<group>"; };
		2B55C96A1645A4E100C9058B /* en */ = {isa = PBXFileReference; lastKnownFileType = text.plist.strings; name = en; path = en.lproj/InfoPlist.strings; sourceTree = "<group>"; };
		2B55C96C1645A4E100C9058B /* GDIBSensor-Prefix.pch */ = {isa = PBXFileReference; lastKnownFileType = sourcecode.c.h; path = "GDIBSensor-Prefix.pch"; sourceTree = "<group>"; };
/* End PBXFileReference section */

/* Begin PBXFrameworksBuildPhase section */
		2B55C95A1645A4E100C9058B /* Frameworks */ = {
			isa = PBXFrameworksBuildPhase;
			buildActionMask = 2147483647;
			files = (
				2B55C9611645A4E100C9058B /* Cocoa.framework in Frameworks */,
			);
			runOnlyForDeploymentPostprocessing = 0;
		};
/* End PBXFrameworksBuildPhase section */

/* Begin PBXGroup section */
		2B55C9521645A4E100C9058B = {
			isa = PBXGroup;
			children = (
				2B55C9661645A4E100C9058B /* GDIBSensor */,
				2B55C95F1645A4E100C9058B /* Frameworks */,
				2B55C95E1645A4E100C9058B /* Products */,
			);
			sourceTree = "<group>";
		};
		2B55C95E1645A4E100C9058B /* Products */ = {
			isa = PBXGroup;
			children = (
				2B55C95D1645A4E100C9058B /* GDIBSensor.bundle */,
			);
			name = Products;
			sourceTree = "<group>";
		};
		2B55C95F1645A4E100C9058B /* Frameworks */ = {
			isa = PBXGroup;
			children = (
				2B55C9601645A4E100C9058B /* Cocoa.framework */,
				2B55C9621645A4E100C9058B /* Other Frameworks */,
			);
			name = Frameworks;
			sourceTree = "<group>";
		};
		2B55C9621645A4E100C9058B /* Other Frameworks */ = {
			isa = PBXGroup;
			children = (
				2B55C9631645A4E100C9058B /* AppKit.framework */,
				2B55C9641645A4E100C9058B /* CoreData.framework */,
				2B55C9651645A4E100C9058B /* Foundation.framework */,
			);
			name = "Other Frameworks";
			sourceTree = "<group>";
		};
		2B55C9661645A4E100C9058B /* GDIBSensor */ = {
			isa = PBXGroup;
			children = (
				2B55C9671645A4E100C9058B /* Supporting Files */,
			);
			path = GDIBSensor;
			sourceTree = "<group>";
		};
		2B55C9671645A4E100C9058B /* Supporting Files */ = {
			isa = PBXGroup;
			children = (
				2B55C9681645A4E100C9058B /* GDIBSensor-Info.plist */,
				2B55C9691645A4E100C9058B /* InfoPlist.strings */,
				2B55C96C1645A4E100C9058B /* GDIBSensor-Prefix.pch */,
			);
			name = "Supporting Files";
			sourceTree = "<group>";
		};
/* End PBXGroup section */

/* Begin PBXNativeTarget section */
		2B55C95C1645A4E100C9058B /* GDIBSensor */ = {
			isa = PBXNativeTarget;
			buildConfigurationList = 2B55C96F1645A4E100C9058B /* Build configuration list for PBXNativeTarget "GDIBSensor" */;
			buildPhases = (
				2B55C9591645A4E100C9058B /* Sources */,
				2B55C95A1645A4E100C9058B /* Frameworks */,
				2B55C95B1645A4E100C9058B /* Resources */,
			);
			buildRules = (
			);
			dependencies = (
			);
			name = GDIBSensor;
			productName = GDIBSensor;
			productReference = 2B55C95D1645A4E100C9058B /* GDIBSensor.bundle */;
			productType = "com.apple.product-type.bundle";
		};
/* End PBXNativeTarget section */

/* Begin PBXProject section */
		2B55C9541645A4E100C9058B /* Project object */ = {
			isa = PBXProject;
			attributes = {
				LastUpgradeCheck = 0450;
				ORGANIZATIONNAME = "Guruprasad Inamdar";
			};
			buildConfigurationList = 2B55C9571645A4E100C9058B /* Build configuration list for PBXProject "GDIBSensor" */;
			compatibilityVersion = "Xcode 3.2";
			developmentRegion = English;
			hasScannedForEncodings = 0;
			knownRegions = (
				en,
			);
			mainGroup = 2B55C9521645A4E100C9058B;
			productRefGroup = 2B55C95E1645A4E100C9058B /* Products */;
			projectDirPath = "";
			projectRoot = "";
			targets = (
				2B55C95C1645A4E100C9058B /* GDIBSensor */,
			);
		};
/* End PBXProject section */

/* Begin PBXResourcesBuildPhase section */
		2B55C95B1645A4E100C9058B /* Resources */ = {
			isa = PBXResourcesBuildPhase;
			buildActionMask = 2147483647;
			files = (
				2B55C96B1645A4E100C9058B /* InfoPlist.strings in Resources */,
			);
			runOnlyForDeploymentPostprocessing = 0;
		};
/* End PBXResourcesBuildPhase section */

/* Begin PBXSourcesBuildPhase section */
		2B55C9591645A4E100C9058B /* Sources */ = {
			isa = PBXSourcesBuildPhase;
			buildActionMask = 2147483647;
			files = (
			);
			runOnlyForDeploymentPostprocessing = 0;
		};
/* End PBXSourcesBuildPhase section */

/* Begin PBXVariantGroup section */
		2B55C9691645A4E100C9058B /* InfoPlist.strings */ = {
			isa = PBXVariantGroup;
			children = (
				2B55C96A1645A4E100C9058B /* en */,
			);
			name = InfoPlist.strings;
			sourceTree = "<group>";
		};
/* End PBXVariantGroup section */

/* Begin XCBuildConfiguration section */
		2B55C96D1645A4E100C9058B /* Debug */ = {
			isa = XCBuildConfiguration;
			buildSettings = {
				ALWAYS_SEARCH_USER_PATHS = NO;
				ARCHS = "$(ARCHS_STANDARD_64_BIT)";
				CLANG_CXX_LANGUAGE_STANDARD = "gnu++0x";
				CLANG_CXX_LIBRARY = "libc++";
				CLANG_ENABLE_OBJC_ARC = YES;
				CLANG_WARN_EMPTY_BODY = YES;
				CLANG_WARN__DUPLICATE_METHOD_MATCH = YES;
				COPY_PHASE_STRIP = NO;
				GCC_C_LANGUAGE_STANDARD = gnu99;
				GCC_DYNAMIC_NO_PIC = NO;
				GCC_ENABLE_OBJC_EXCEPTIONS = YES;
				GCC_OPTIMIZATION_LEVEL = 0;
				GCC_PREPROCESSOR_DEFINITIONS = (
					"DEBUG=1",
					"$(inherited)",
				);
				GCC_SYMBOLS_PRIVATE_EXTERN = NO;
				GCC_WARN_64_TO_32_BIT_CONVERSION = YES;
				GCC_WARN_ABOUT_RETURN_TYPE = YES;
				GCC_WARN_UNINITIALIZED_AUTOS = YES;
				GCC_WARN_UNUSED_VARIABLE = YES;
				MACOSX_DEPLOYMENT_TARGET = 10.8;
				ONLY_ACTIVE_ARCH = YES;
				SDKROOT = macosx;
			};
			name = Debug;
		};
		2B55C96E1645A4E100C9058B /* Release */ = {
			isa = XCBuildConfiguration;
			buildSettings = {
				ALWAYS_SEARCH_USER_PATHS = NO;
				ARCHS = "$(ARCHS_STANDARD_64_BIT)";
				CLANG_CXX_LANGUAGE_STANDARD = "gnu++0x";
				CLANG_CXX_LIBRARY = "libc++";
				CLANG_ENABLE_OBJC_ARC = YES;
				CLANG_WARN_EMPTY_BODY = YES;
				CLANG_WARN__DUPLICATE_METHOD_MATCH = YES;
				COPY_PHASE_STRIP = YES;
				DEBUG_INFORMATION_FORMAT = "dwarf-with-dsym";
				GCC_C_LANGUAGE_STANDARD = gnu99;
				GCC_ENABLE_OBJC_EXCEPTIONS = YES;
				GCC_WARN_64_TO_32_BIT_CONVERSION = YES;
				GCC_WARN_ABOUT_RETURN_TYPE = YES;
				GCC_WARN_UNINITIALIZED_AUTOS = YES;
				GCC_WARN_UNUSED_VARIABLE = YES;
				MACOSX_DEPLOYMENT_TARGET = 10.8;
				SDKROOT = macosx;
			};
			name = Release;
		};
		2B55C9701645A4E100C9058B /* Debug */ = {
			isa = XCBuildConfiguration;
			buildSettings = {
				COMBINE_HIDPI_IMAGES = YES;
				GCC_PRECOMPILE_PREFIX_HEADER = YES;
				GCC_PREFIX_HEADER = "GDIBSensor/GDIBSensor-Prefix.pch";
				INFOPLIST_FILE = "GDIBSensor/GDIBSensor-Info.plist";
				INSTALL_PATH = "$(LOCAL_LIBRARY_DIR)/Bundles";
				PRODUCT_NAME = "$(TARGET_NAME)";
				WRAPPER_EXTENSION = bundle;
			};
			name = Debug;
		};
		2B55C9711645A4E100C9058B /* Release */ = {
			isa = XCBuildConfiguration;
			buildSettings = {
				COMBINE_HIDPI_IMAGES = YES;
				GCC_PRECOMPILE_PREFIX_HEADER = YES;
				GCC_PREFIX_HEADER = "GDIBSensor/GDIBSensor-Prefix.pch";
				INFOPLIST_FILE = "GDIBSensor/GDIBSensor-Info.plist";
				INSTALL_PATH = "$(LOCAL_LIBRARY_DIR)/Bundles";
				PRODUCT_NAME = "$(TARGET_NAME)";
				WRAPPER_EXTENSION = bundle;
			};
			name = Release;
		};
/* End XCBuildConfiguration section */

/* Begin XCConfigurationList section */
		2B55C9571645A4E100C9058B /* Build configuration list for PBXProject "GDIBSensor" */ = {
			isa = XCConfigurationList;
			buildConfigurations = (
				2B55C96D1645A4E100C9058B /* Debug */,
				2B55C96E1645A4E100C9058B /* Release */,
			);
			defaultConfigurationIsVisible = 0;
			defaultConfigurationName = Release;
		};
		2B55C96F1645A4E100C9058B /* Build configuration list for PBXNativeTarget "GDIBSensor" */ = {
			isa = XCConfigurationList;
			buildConfigurations = (
				2B55C9701645A4E100C9058B /* Debug */,
				2B55C9711645A4E100C9058B /* Release */,
			);
			defaultConfigurationIsVisible = 0;
		};
/* End XCConfigurationList section */
	};
	rootObject = 2B55C9541645A4E100C9058B /* Project object */;
}
